// !$*UTF8*$!
{
	archiveVersion = 1;
	classes = {
	};
	objectVersion = 52;
	objects = {

/* Begin PBXBuildFile section */
		583ADD5A23EC86260022E9EE /* NYTTopStoriesAPIClient.swift in Sources */ = {isa = PBXBuildFile; fileRef = 583ADD5923EC86260022E9EE /* NYTTopStoriesAPIClient.swift */; };
		583ADD5E23EC86BD0022E9EE /* ImageKit in Frameworks */ = {isa = PBXBuildFile; productRef = 583ADD5D23EC86BD0022E9EE /* ImageKit */; };
		58A2CBDB23EC6B8800EC4AEE /* AppDelegate.swift in Sources */ = {isa = PBXBuildFile; fileRef = 58A2CBDA23EC6B8800EC4AEE /* AppDelegate.swift */; };
		58A2CBDD23EC6B8800EC4AEE /* SceneDelegate.swift in Sources */ = {isa = PBXBuildFile; fileRef = 58A2CBDC23EC6B8800EC4AEE /* SceneDelegate.swift */; };
		58A2CBE423EC6B8900EC4AEE /* Assets.xcassets in Resources */ = {isa = PBXBuildFile; fileRef = 58A2CBE323EC6B8900EC4AEE /* Assets.xcassets */; };
		58A2CBE723EC6B8900EC4AEE /* LaunchScreen.storyboard in Resources */ = {isa = PBXBuildFile; fileRef = 58A2CBE523EC6B8900EC4AEE /* LaunchScreen.storyboard */; };
		58A2CBF223EC6B8900EC4AEE /* NYTTopStoriesTests.swift in Sources */ = {isa = PBXBuildFile; fileRef = 58A2CBF123EC6B8900EC4AEE /* NYTTopStoriesTests.swift */; };
		58A2CBFD23EC6C3200EC4AEE /* TopStoriesTabController.swift in Sources */ = {isa = PBXBuildFile; fileRef = 58A2CBFC23EC6C3200EC4AEE /* TopStoriesTabController.swift */; };
		58BEC83D23EC6E6300680F3E /* NewsFeedViewController.swift in Sources */ = {isa = PBXBuildFile; fileRef = 58BEC83C23EC6E6300680F3E /* NewsFeedViewController.swift */; };
		58BEC83F23EC6E7A00680F3E /* SavedArticleViewController.swift in Sources */ = {isa = PBXBuildFile; fileRef = 58BEC83E23EC6E7A00680F3E /* SavedArticleViewController.swift */; };
		58BEC84123EC6E8A00680F3E /* SettingsViewController.swift in Sources */ = {isa = PBXBuildFile; fileRef = 58BEC84023EC6E8A00680F3E /* SettingsViewController.swift */; };
		58BEC84423EC715900680F3E /* NewsFeedView.swift in Sources */ = {isa = PBXBuildFile; fileRef = 58BEC84323EC715900680F3E /* NewsFeedView.swift */; };
/* End PBXBuildFile section */

/* Begin PBXContainerItemProxy section */
		58A2CBEE23EC6B8900EC4AEE /* PBXContainerItemProxy */ = {
			isa = PBXContainerItemProxy;
			containerPortal = 58A2CBCF23EC6B8800EC4AEE /* Project object */;
			proxyType = 1;
			remoteGlobalIDString = 58A2CBD623EC6B8800EC4AEE;
			remoteInfo = NYTTopStories;
		};
/* End PBXContainerItemProxy section */

/* Begin PBXFileReference section */
		583ADD5923EC86260022E9EE /* NYTTopStoriesAPIClient.swift */ = {isa = PBXFileReference; lastKnownFileType = sourcecode.swift; path = NYTTopStoriesAPIClient.swift; sourceTree = "<group>"; };
		58A2CBD723EC6B8800EC4AEE /* NYTTopStories.app */ = {isa = PBXFileReference; explicitFileType = wrapper.application; includeInIndex = 0; path = NYTTopStories.app; sourceTree = BUILT_PRODUCTS_DIR; };
		58A2CBDA23EC6B8800EC4AEE /* AppDelegate.swift */ = {isa = PBXFileReference; lastKnownFileType = sourcecode.swift; path = AppDelegate.swift; sourceTree = "<group>"; };
		58A2CBDC23EC6B8800EC4AEE /* SceneDelegate.swift */ = {isa = PBXFileReference; lastKnownFileType = sourcecode.swift; path = SceneDelegate.swift; sourceTree = "<group>"; };
		58A2CBE323EC6B8900EC4AEE /* Assets.xcassets */ = {isa = PBXFileReference; lastKnownFileType = folder.assetcatalog; path = Assets.xcassets; sourceTree = "<group>"; };
		58A2CBE623EC6B8900EC4AEE /* Base */ = {isa = PBXFileReference; lastKnownFileType = file.storyboard; name = Base; path = Base.lproj/LaunchScreen.storyboard; sourceTree = "<group>"; };
		58A2CBE823EC6B8900EC4AEE /* Info.plist */ = {isa = PBXFileReference; lastKnownFileType = text.plist.xml; path = Info.plist; sourceTree = "<group>"; };
		58A2CBED23EC6B8900EC4AEE /* NYTTopStoriesTests.xctest */ = {isa = PBXFileReference; explicitFileType = wrapper.cfbundle; includeInIndex = 0; path = NYTTopStoriesTests.xctest; sourceTree = BUILT_PRODUCTS_DIR; };
		58A2CBF123EC6B8900EC4AEE /* NYTTopStoriesTests.swift */ = {isa = PBXFileReference; lastKnownFileType = sourcecode.swift; path = NYTTopStoriesTests.swift; sourceTree = "<group>"; };
		58A2CBF323EC6B8900EC4AEE /* Info.plist */ = {isa = PBXFileReference; lastKnownFileType = text.plist.xml; path = Info.plist; sourceTree = "<group>"; };
		58A2CBFC23EC6C3200EC4AEE /* TopStoriesTabController.swift */ = {isa = PBXFileReference; lastKnownFileType = sourcecode.swift; path = TopStoriesTabController.swift; sourceTree = "<group>"; };
		58BEC83C23EC6E6300680F3E /* NewsFeedViewController.swift */ = {isa = PBXFileReference; lastKnownFileType = sourcecode.swift; path = NewsFeedViewController.swift; sourceTree = "<group>"; };
		58BEC83E23EC6E7A00680F3E /* SavedArticleViewController.swift */ = {isa = PBXFileReference; lastKnownFileType = sourcecode.swift; path = SavedArticleViewController.swift; sourceTree = "<group>"; };
		58BEC84023EC6E8A00680F3E /* SettingsViewController.swift */ = {isa = PBXFileReference; lastKnownFileType = sourcecode.swift; path = SettingsViewController.swift; sourceTree = "<group>"; };
		58BEC84323EC715900680F3E /* NewsFeedView.swift */ = {isa = PBXFileReference; lastKnownFileType = sourcecode.swift; path = NewsFeedView.swift; sourceTree = "<group>"; };
/* End PBXFileReference section */

/* Begin PBXFrameworksBuildPhase section */
		58A2CBD423EC6B8800EC4AEE /* Frameworks */ = {
			isa = PBXFrameworksBuildPhase;
			buildActionMask = 2147483647;
			files = (
				583ADD5E23EC86BD0022E9EE /* ImageKit in Frameworks */,
			);
			runOnlyForDeploymentPostprocessing = 0;
		};
		58A2CBEA23EC6B8900EC4AEE /* Frameworks */ = {
			isa = PBXFrameworksBuildPhase;
			buildActionMask = 2147483647;
			files = (
			);
			runOnlyForDeploymentPostprocessing = 0;
		};
/* End PBXFrameworksBuildPhase section */

/* Begin PBXGroup section */
		583ADD5B23EC863F0022E9EE /* Network Services */ = {
			isa = PBXGroup;
			children = (
				583ADD5923EC86260022E9EE /* NYTTopStoriesAPIClient.swift */,
			);
			path = "Network Services";
			sourceTree = "<group>";
		};
		58A2CBCE23EC6B8800EC4AEE = {
			isa = PBXGroup;
			children = (
				58A2CBD923EC6B8800EC4AEE /* NYTTopStories */,
				58A2CBF023EC6B8900EC4AEE /* NYTTopStoriesTests */,
				58A2CBD823EC6B8800EC4AEE /* Products */,
			);
			sourceTree = "<group>";
		};
		58A2CBD823EC6B8800EC4AEE /* Products */ = {
			isa = PBXGroup;
			children = (
				58A2CBD723EC6B8800EC4AEE /* NYTTopStories.app */,
				58A2CBED23EC6B8900EC4AEE /* NYTTopStoriesTests.xctest */,
			);
			name = Products;
			sourceTree = "<group>";
		};
		58A2CBD923EC6B8800EC4AEE /* NYTTopStories */ = {
			isa = PBXGroup;
			children = (
				58BEC84223EC711B00680F3E /* Views */,
				58A2CBFE23EC6C4800EC4AEE /* Controllers */,
				583ADD5B23EC863F0022E9EE /* Network Services */,
				58BEC83B23EC6E2100680F3E /* Supporting Files */,
				58A2CBE823EC6B8900EC4AEE /* Info.plist */,
			);
			path = NYTTopStories;
			sourceTree = "<group>";
		};
		58A2CBF023EC6B8900EC4AEE /* NYTTopStoriesTests */ = {
			isa = PBXGroup;
			children = (
				58A2CBF123EC6B8900EC4AEE /* NYTTopStoriesTests.swift */,
				58A2CBF323EC6B8900EC4AEE /* Info.plist */,
			);
			path = NYTTopStoriesTests;
			sourceTree = "<group>";
		};
		58A2CBFE23EC6C4800EC4AEE /* Controllers */ = {
			isa = PBXGroup;
			children = (
				58A2CBFC23EC6C3200EC4AEE /* TopStoriesTabController.swift */,
				58BEC83C23EC6E6300680F3E /* NewsFeedViewController.swift */,
				58BEC83E23EC6E7A00680F3E /* SavedArticleViewController.swift */,
				58BEC84023EC6E8A00680F3E /* SettingsViewController.swift */,
			);
			path = Controllers;
			sourceTree = "<group>";
		};
		58BEC83B23EC6E2100680F3E /* Supporting Files */ = {
			isa = PBXGroup;
			children = (
				58A2CBDA23EC6B8800EC4AEE /* AppDelegate.swift */,
				58A2CBDC23EC6B8800EC4AEE /* SceneDelegate.swift */,
				58A2CBE323EC6B8900EC4AEE /* Assets.xcassets */,
				58A2CBE523EC6B8900EC4AEE /* LaunchScreen.storyboard */,
			);
			path = "Supporting Files";
			sourceTree = "<group>";
		};
		58BEC84223EC711B00680F3E /* Views */ = {
			isa = PBXGroup;
			children = (
				58BEC84323EC715900680F3E /* NewsFeedView.swift */,
			);
			path = Views;
			sourceTree = "<group>";
		};
/* End PBXGroup section */

/* Begin PBXNativeTarget section */
		58A2CBD623EC6B8800EC4AEE /* NYTTopStories */ = {
			isa = PBXNativeTarget;
			buildConfigurationList = 58A2CBF623EC6B8900EC4AEE /* Build configuration list for PBXNativeTarget "NYTTopStories" */;
			buildPhases = (
				58A2CBD323EC6B8800EC4AEE /* Sources */,
				58A2CBD423EC6B8800EC4AEE /* Frameworks */,
				58A2CBD523EC6B8800EC4AEE /* Resources */,
			);
			buildRules = (
			);
			dependencies = (
			);
			name = NYTTopStories;
			packageProductDependencies = (
				583ADD5D23EC86BD0022E9EE /* ImageKit */,
			);
			productName = NYTTopStories;
			productReference = 58A2CBD723EC6B8800EC4AEE /* NYTTopStories.app */;
			productType = "com.apple.product-type.application";
		};
		58A2CBEC23EC6B8900EC4AEE /* NYTTopStoriesTests */ = {
			isa = PBXNativeTarget;
			buildConfigurationList = 58A2CBF923EC6B8900EC4AEE /* Build configuration list for PBXNativeTarget "NYTTopStoriesTests" */;
			buildPhases = (
				58A2CBE923EC6B8900EC4AEE /* Sources */,
				58A2CBEA23EC6B8900EC4AEE /* Frameworks */,
				58A2CBEB23EC6B8900EC4AEE /* Resources */,
			);
			buildRules = (
			);
			dependencies = (
				58A2CBEF23EC6B8900EC4AEE /* PBXTargetDependency */,
			);
			name = NYTTopStoriesTests;
			productName = NYTTopStoriesTests;
			productReference = 58A2CBED23EC6B8900EC4AEE /* NYTTopStoriesTests.xctest */;
			productType = "com.apple.product-type.bundle.unit-test";
		};
/* End PBXNativeTarget section */

/* Begin PBXProject section */
		58A2CBCF23EC6B8800EC4AEE /* Project object */ = {
			isa = PBXProject;
			attributes = {
				LastSwiftUpdateCheck = 1130;
				LastUpgradeCheck = 1130;
				ORGANIZATIONNAME = "Eric Davenport";
				TargetAttributes = {
					58A2CBD623EC6B8800EC4AEE = {
						CreatedOnToolsVersion = 11.3.1;
					};
					58A2CBEC23EC6B8900EC4AEE = {
						CreatedOnToolsVersion = 11.3.1;
						TestTargetID = 58A2CBD623EC6B8800EC4AEE;
					};
				};
			};
			buildConfigurationList = 58A2CBD223EC6B8800EC4AEE /* Build configuration list for PBXProject "NYTTopStories" */;
			compatibilityVersion = "Xcode 9.3";
			developmentRegion = en;
			hasScannedForEncodings = 0;
			knownRegions = (
				en,
				Base,
			);
			mainGroup = 58A2CBCE23EC6B8800EC4AEE;
			packageReferences = (
				583ADD5C23EC86BD0022E9EE /* XCRemoteSwiftPackageReference "ImageKit" */,
			);
			productRefGroup = 58A2CBD823EC6B8800EC4AEE /* Products */;
			projectDirPath = "";
			projectRoot = "";
			targets = (
				58A2CBD623EC6B8800EC4AEE /* NYTTopStories */,
				58A2CBEC23EC6B8900EC4AEE /* NYTTopStoriesTests */,
			);
		};
/* End PBXProject section */

/* Begin PBXResourcesBuildPhase section */
		58A2CBD523EC6B8800EC4AEE /* Resources */ = {
			isa = PBXResourcesBuildPhase;
			buildActionMask = 2147483647;
			files = (
				58A2CBE723EC6B8900EC4AEE /* LaunchScreen.storyboard in Resources */,
				58A2CBE423EC6B8900EC4AEE /* Assets.xcassets in Resources */,
			);
			runOnlyForDeploymentPostprocessing = 0;
		};
		58A2CBEB23EC6B8900EC4AEE /* Resources */ = {
			isa = PBXResourcesBuildPhase;
			buildActionMask = 2147483647;
			files = (
			);
			runOnlyForDeploymentPostprocessing = 0;
		};
/* End PBXResourcesBuildPhase section */

/* Begin PBXSourcesBuildPhase section */
		58A2CBD323EC6B8800EC4AEE /* Sources */ = {
			isa = PBXSourcesBuildPhase;
			buildActionMask = 2147483647;
			files = (
				58A2CBDB23EC6B8800EC4AEE /* AppDelegate.swift in Sources */,
				58BEC83F23EC6E7A00680F3E /* SavedArticleViewController.swift in Sources */,
				58A2CBDD23EC6B8800EC4AEE /* SceneDelegate.swift in Sources */,
				58A2CBFD23EC6C3200EC4AEE /* TopStoriesTabController.swift in Sources */,
				58BEC84423EC715900680F3E /* NewsFeedView.swift in Sources */,
				58BEC83D23EC6E6300680F3E /* NewsFeedViewController.swift in Sources */,
				58BEC84123EC6E8A00680F3E /* SettingsViewController.swift in Sources */,
				583ADD5A23EC86260022E9EE /* NYTTopStoriesAPIClient.swift in Sources */,
			);
			runOnlyForDeploymentPostprocessing = 0;
		};
		58A2CBE923EC6B8900EC4AEE /* Sources */ = {
			isa = PBXSourcesBuildPhase;
			buildActionMask = 2147483647;
			files = (
				58A2CBF223EC6B8900EC4AEE /* NYTTopStoriesTests.swift in Sources */,
			);
			runOnlyForDeploymentPostprocessing = 0;
		};
/* End PBXSourcesBuildPhase section */

/* Begin PBXTargetDependency section */
		58A2CBEF23EC6B8900EC4AEE /* PBXTargetDependency */ = {
			isa = PBXTargetDependency;
			target = 58A2CBD623EC6B8800EC4AEE /* NYTTopStories */;
			targetProxy = 58A2CBEE23EC6B8900EC4AEE /* PBXContainerItemProxy */;
		};
/* End PBXTargetDependency section */

/* Begin PBXVariantGroup section */
		58A2CBE523EC6B8900EC4AEE /* LaunchScreen.storyboard */ = {
			isa = PBXVariantGroup;
			children = (
				58A2CBE623EC6B8900EC4AEE /* Base */,
			);
			name = LaunchScreen.storyboard;
			sourceTree = "<group>";
		};
/* End PBXVariantGroup section */

/* Begin XCBuildConfiguration section */
		58A2CBF423EC6B8900EC4AEE /* Debug */ = {
			isa = XCBuildConfiguration;
			buildSettings = {
				ALWAYS_SEARCH_USER_PATHS = NO;
				CLANG_ANALYZER_NONNULL = YES;
				CLANG_ANALYZER_NUMBER_OBJECT_CONVERSION = YES_AGGRESSIVE;
				CLANG_CXX_LANGUAGE_STANDARD = "gnu++14";
				CLANG_CXX_LIBRARY = "libc++";
				CLANG_ENABLE_MODULES = YES;
				CLANG_ENABLE_OBJC_ARC = YES;
				CLANG_ENABLE_OBJC_WEAK = YES;
				CLANG_WARN_BLOCK_CAPTURE_AUTORELEASING = YES;
				CLANG_WARN_BOOL_CONVERSION = YES;
				CLANG_WARN_COMMA = YES;
				CLANG_WARN_CONSTANT_CONVERSION = YES;
				CLANG_WARN_DEPRECATED_OBJC_IMPLEMENTATIONS = YES;
				CLANG_WARN_DIRECT_OBJC_ISA_USAGE = YES_ERROR;
				CLANG_WARN_DOCUMENTATION_COMMENTS = YES;
				CLANG_WARN_EMPTY_BODY = YES;
				CLANG_WARN_ENUM_CONVERSION = YES;
				CLANG_WARN_INFINITE_RECURSION = YES;
				CLANG_WARN_INT_CONVERSION = YES;
				CLANG_WARN_NON_LITERAL_NULL_CONVERSION = YES;
				CLANG_WARN_OBJC_IMPLICIT_RETAIN_SELF = YES;
				CLANG_WARN_OBJC_LITERAL_CONVERSION = YES;
				CLANG_WARN_OBJC_ROOT_CLASS = YES_ERROR;
				CLANG_WARN_RANGE_LOOP_ANALYSIS = YES;
				CLANG_WARN_STRICT_PROTOTYPES = YES;
				CLANG_WARN_SUSPICIOUS_MOVE = YES;
				CLANG_WARN_UNGUARDED_AVAILABILITY = YES_AGGRESSIVE;
				CLANG_WARN_UNREACHABLE_CODE = YES;
				CLANG_WARN__DUPLICATE_METHOD_MATCH = YES;
				COPY_PHASE_STRIP = NO;
				DEBUG_INFORMATION_FORMAT = dwarf;
				ENABLE_STRICT_OBJC_MSGSEND = YES;
				ENABLE_TESTABILITY = YES;
				GCC_C_LANGUAGE_STANDARD = gnu11;
				GCC_DYNAMIC_NO_PIC = NO;
				GCC_NO_COMMON_BLOCKS = YES;
				GCC_OPTIMIZATION_LEVEL = 0;
				GCC_PREPROCESSOR_DEFINITIONS = (
					"DEBUG=1",
					"$(inherited)",
				);
				GCC_WARN_64_TO_32_BIT_CONVERSION = YES;
				GCC_WARN_ABOUT_RETURN_TYPE = YES_ERROR;
				GCC_WARN_UNDECLARED_SELECTOR = YES;
				GCC_WARN_UNINITIALIZED_AUTOS = YES_AGGRESSIVE;
				GCC_WARN_UNUSED_FUNCTION = YES;
				GCC_WARN_UNUSED_VARIABLE = YES;
				IPHONEOS_DEPLOYMENT_TARGET = 13.2;
				MTL_ENABLE_DEBUG_INFO = INCLUDE_SOURCE;
				MTL_FAST_MATH = YES;
				ONLY_ACTIVE_ARCH = YES;
				SDKROOT = iphoneos;
				SWIFT_ACTIVE_COMPILATION_CONDITIONS = DEBUG;
				SWIFT_OPTIMIZATION_LEVEL = "-Onone";
			};
			name = Debug;
		};
		58A2CBF523EC6B8900EC4AEE /* Release */ = {
			isa = XCBuildConfiguration;
			buildSettings = {
				ALWAYS_SEARCH_USER_PATHS = NO;
				CLANG_ANALYZER_NONNULL = YES;
				CLANG_ANALYZER_NUMBER_OBJECT_CONVERSION = YES_AGGRESSIVE;
				CLANG_CXX_LANGUAGE_STANDARD = "gnu++14";
				CLANG_CXX_LIBRARY = "libc++";
				CLANG_ENABLE_MODULES = YES;
				CLANG_ENABLE_OBJC_ARC = YES;
				CLANG_ENABLE_OBJC_WEAK = YES;
				CLANG_WARN_BLOCK_CAPTURE_AUTORELEASING = YES;
				CLANG_WARN_BOOL_CONVERSION = YES;
				CLANG_WARN_COMMA = YES;
				CLANG_WARN_CONSTANT_CONVERSION = YES;
				CLANG_WARN_DEPRECATED_OBJC_IMPLEMENTATIONS = YES;
				CLANG_WARN_DIRECT_OBJC_ISA_USAGE = YES_ERROR;
				CLANG_WARN_DOCUMENTATION_COMMENTS = YES;
				CLANG_WARN_EMPTY_BODY = YES;
				CLANG_WARN_ENUM_CONVERSION = YES;
				CLANG_WARN_INFINITE_RECURSION = YES;
				CLANG_WARN_INT_CONVERSION = YES;
				CLANG_WARN_NON_LITERAL_NULL_CONVERSION = YES;
				CLANG_WARN_OBJC_IMPLICIT_RETAIN_SELF = YES;
				CLANG_WARN_OBJC_LITERAL_CONVERSION = YES;
				CLANG_WARN_OBJC_ROOT_CLASS = YES_ERROR;
				CLANG_WARN_RANGE_LOOP_ANALYSIS = YES;
				CLANG_WARN_STRICT_PROTOTYPES = YES;
				CLANG_WARN_SUSPICIOUS_MOVE = YES;
				CLANG_WARN_UNGUARDED_AVAILABILITY = YES_AGGRESSIVE;
				CLANG_WARN_UNREACHABLE_CODE = YES;
				CLANG_WARN__DUPLICATE_METHOD_MATCH = YES;
				COPY_PHASE_STRIP = NO;
				DEBUG_INFORMATION_FORMAT = "dwarf-with-dsym";
				ENABLE_NS_ASSERTIONS = NO;
				ENABLE_STRICT_OBJC_MSGSEND = YES;
				GCC_C_LANGUAGE_STANDARD = gnu11;
				GCC_NO_COMMON_BLOCKS = YES;
				GCC_WARN_64_TO_32_BIT_CONVERSION = YES;
				GCC_WARN_ABOUT_RETURN_TYPE = YES_ERROR;
				GCC_WARN_UNDECLARED_SELECTOR = YES;
				GCC_WARN_UNINITIALIZED_AUTOS = YES_AGGRESSIVE;
				GCC_WARN_UNUSED_FUNCTION = YES;
				GCC_WARN_UNUSED_VARIABLE = YES;
				IPHONEOS_DEPLOYMENT_TARGET = 13.2;
				MTL_ENABLE_DEBUG_INFO = NO;
				MTL_FAST_MATH = YES;
				SDKROOT = iphoneos;
				SWIFT_COMPILATION_MODE = wholemodule;
				SWIFT_OPTIMIZATION_LEVEL = "-O";
				VALIDATE_PRODUCT = YES;
			};
			name = Release;
		};
		58A2CBF723EC6B8900EC4AEE /* Debug */ = {
			isa = XCBuildConfiguration;
			buildSettings = {
				ASSETCATALOG_COMPILER_APPICON_NAME = AppIcon;
				CODE_SIGN_STYLE = Automatic;
				DEVELOPMENT_TEAM = 3YV6C3YLPG;
				INFOPLIST_FILE = NYTTopStories/Info.plist;
				LD_RUNPATH_SEARCH_PATHS = (
					"$(inherited)",
					"@executable_path/Frameworks",
				);
				PRODUCT_BUNDLE_IDENTIFIER = org.ericdavenport.NYTTopStories;
				PRODUCT_NAME = "$(TARGET_NAME)";
				SWIFT_VERSION = 5.0;
				TARGETED_DEVICE_FAMILY = "1,2";
			};
			name = Debug;
		};
		58A2CBF823EC6B8900EC4AEE /* Release */ = {
			isa = XCBuildConfiguration;
			buildSettings = {
				ASSETCATALOG_COMPILER_APPICON_NAME = AppIcon;
				CODE_SIGN_STYLE = Automatic;
				DEVELOPMENT_TEAM = 3YV6C3YLPG;
				INFOPLIST_FILE = NYTTopStories/Info.plist;
				LD_RUNPATH_SEARCH_PATHS = (
					"$(inherited)",
					"@executable_path/Frameworks",
				);
				PRODUCT_BUNDLE_IDENTIFIER = org.ericdavenport.NYTTopStories;
				PRODUCT_NAME = "$(TARGET_NAME)";
				SWIFT_VERSION = 5.0;
				TARGETED_DEVICE_FAMILY = "1,2";
			};
			name = Release;
		};
		58A2CBFA23EC6B8900EC4AEE /* Debug */ = {
			isa = XCBuildConfiguration;
			buildSettings = {
				ALWAYS_EMBED_SWIFT_STANDARD_LIBRARIES = YES;
				BUNDLE_LOADER = "$(TEST_HOST)";
				CODE_SIGN_STYLE = Automatic;
				DEVELOPMENT_TEAM = 3YV6C3YLPG;
				INFOPLIST_FILE = NYTTopStoriesTests/Info.plist;
				IPHONEOS_DEPLOYMENT_TARGET = 13.2;
				LD_RUNPATH_SEARCH_PATHS = (
					"$(inherited)",
					"@executable_path/Frameworks",
					"@loader_path/Frameworks",
				);
				PRODUCT_BUNDLE_IDENTIFIER = org.ericdavenport.NYTTopStoriesTests;
				PRODUCT_NAME = "$(TARGET_NAME)";
				SWIFT_VERSION = 5.0;
				TARGETED_DEVICE_FAMILY = "1,2";
				TEST_HOST = "$(BUILT_PRODUCTS_DIR)/NYTTopStories.app/NYTTopStories";
			};
			name = Debug;
		};
		58A2CBFB23EC6B8900EC4AEE /* Release */ = {
			isa = XCBuildConfiguration;
			buildSettings = {
				ALWAYS_EMBED_SWIFT_STANDARD_LIBRARIES = YES;
				BUNDLE_LOADER = "$(TEST_HOST)";
				CODE_SIGN_STYLE = Automatic;
				DEVELOPMENT_TEAM = 3YV6C3YLPG;
				INFOPLIST_FILE = NYTTopStoriesTests/Info.plist;
				IPHONEOS_DEPLOYMENT_TARGET = 13.2;
				LD_RUNPATH_SEARCH_PATHS = (
					"$(inherited)",
					"@executable_path/Frameworks",
					"@loader_path/Frameworks",
				);
				PRODUCT_BUNDLE_IDENTIFIER = org.ericdavenport.NYTTopStoriesTests;
				PRODUCT_NAME = "$(TARGET_NAME)";
				SWIFT_VERSION = 5.0;
				TARGETED_DEVICE_FAMILY = "1,2";
				TEST_HOST = "$(BUILT_PRODUCTS_DIR)/NYTTopStories.app/NYTTopStories";
			};
			name = Release;
		};
/* End XCBuildConfiguration section */

/* Begin XCConfigurationList section */
		58A2CBD223EC6B8800EC4AEE /* Build configuration list for PBXProject "NYTTopStories" */ = {
			isa = XCConfigurationList;
			buildConfigurations = (
				58A2CBF423EC6B8900EC4AEE /* Debug */,
				58A2CBF523EC6B8900EC4AEE /* Release */,
			);
			defaultConfigurationIsVisible = 0;
			defaultConfigurationName = Release;
		};
		58A2CBF623EC6B8900EC4AEE /* Build configuration list for PBXNativeTarget "NYTTopStories" */ = {
			isa = XCConfigurationList;
			buildConfigurations = (
				58A2CBF723EC6B8900EC4AEE /* Debug */,
				58A2CBF823EC6B8900EC4AEE /* Release */,
			);
			defaultConfigurationIsVisible = 0;
			defaultConfigurationName = Release;
		};
		58A2CBF923EC6B8900EC4AEE /* Build configuration list for PBXNativeTarget "NYTTopStoriesTests" */ = {
			isa = XCConfigurationList;
			buildConfigurations = (
				58A2CBFA23EC6B8900EC4AEE /* Debug */,
				58A2CBFB23EC6B8900EC4AEE /* Release */,
			);
			defaultConfigurationIsVisible = 0;
			defaultConfigurationName = Release;
		};
/* End XCConfigurationList section */

/* Begin XCRemoteSwiftPackageReference section */
		583ADD5C23EC86BD0022E9EE /* XCRemoteSwiftPackageReference "ImageKit" */ = {
			isa = XCRemoteSwiftPackageReference;
			repositoryURL = "https://github.com/alexpaul/ImageKit";
			requirement = {
				kind = upToNextMajorVersion;
				minimumVersion = 1.0.4;
			};
		};
/* End XCRemoteSwiftPackageReference section */

/* Begin XCSwiftPackageProductDependency section */
		583ADD5D23EC86BD0022E9EE /* ImageKit */ = {
			isa = XCSwiftPackageProductDependency;
			package = 583ADD5C23EC86BD0022E9EE /* XCRemoteSwiftPackageReference "ImageKit" */;
			productName = ImageKit;
		};
/* End XCSwiftPackageProductDependency section */
	};
	rootObject = 58A2CBCF23EC6B8800EC4AEE /* Project object */;
}
